
Microsoft Visual Studio Solution File, Format Version 12.00
# Visual Studio Version 17
VisualStudioVersion = 17.4.33122.133
MinimumVisualStudioVersion = 10.0.40219.1
Project("{FAE04EC0-301F-11D3-BF4B-00C04F79EFBC}") = "BD", "BD\BD.csproj", "{FF5A4A24-D929-4C00-820C-AD51ADA6912B}"
EndProject
Global
	GlobalSection(SolutionConfigurationPlatforms) = preSolution
		Debug|Any CPU = Debug|Any CPU
		Release|Any CPU = Release|Any CPU
	EndGlobalSection
	GlobalSection(ProjectConfigurationPlatforms) = postSolution
		{FF5A4A24-D929-4C00-820C-AD51ADA6912B}.Debug|Any CPU.ActiveCfg = Debug|Any CPU
		{FF5A4A24-D929-4C00-820C-AD51ADA6912B}.Debug|Any CPU.Build.0 = Debug|Any CPU
		{FF5A4A24-D929-4C00-820C-AD51ADA6912B}.Release|Any CPU.ActiveCfg = Release|Any CPU
		{FF5A4A24-D929-4C00-820C-AD51ADA6912B}.Release|Any CPU.Build.0 = Release|Any CPU
	EndGlobalSection
	GlobalSection(SolutionProperties) = preSolution
		HideSolutionNode = FALSE
	EndGlobalSection
	GlobalSection(ExtensibilityGlobals) = postSolution
		SolutionGuid = {EACB1CCB-D51B-48AD-942F-EDBA4A43EC8D}
	EndGlobalSection
EndGlobal
